
Microsoft Visual Studio Solution File, Format Version 12.00
# Visual Studio Version 16
VisualStudioVersion = 16.0.31229.75
MinimumVisualStudioVersion = 10.0.40219.1
Project("{8BC9CEB8-8B4A-11D0-8D11-00A0C91BC942}") = "Project1", "Project1\Project1.vcxproj", "{70B7FDF4-B224-4B76-B6EB-F150506895D2}"
EndProject
Global
	GlobalSection(SolutionConfigurationPlatforms) = preSolution
		Debug|x64 = Debug|x64
		Debug|x86 = Debug|x86
		Release|x64 = Release|x64
		Release|x86 = Release|x86
	EndGlobalSection
	GlobalSection(ProjectConfigurationPlatforms) = postSolution
		{70B7FDF4-B224-4B76-B6EB-F150506895D2}.Debug|x64.ActiveCfg = Debug|x64
		{70B7FDF4-B224-4B76-B6EB-F150506895D2}.Debug|x64.Build.0 = Debug|x64
		{70B7FDF4-B224-4B76-B6EB-F150506895D2}.Debug|x86.ActiveCfg = Debug|Win32
		{70B7FDF4-B224-4B76-B6EB-F150506895D2}.Debug|x86.Build.0 = Debug|Win32
		{70B7FDF4-B224-4B76-B6EB-F150506895D2}.Release|x64.ActiveCfg = Release|x64
		{70B7FDF4-B224-4B76-B6EB-F150506895D2}.Release|x64.Build.0 = Release|x64
		{70B7FDF4-B224-4B76-B6EB-F150506895D2}.Release|x86.ActiveCfg = Release|Win32
		{70B7FDF4-B224-4B76-B6EB-F150506895D2}.Release|x86.Build.0 = Release|Win32
	EndGlobalSection
	GlobalSection(SolutionProperties) = preSolution
		HideSolutionNode = FALSE
	EndGlobalSection
	GlobalSection(ExtensibilityGlobals) = postSolution
		SolutionGuid = {9D313810-1D0B-4908-8A10-F0414F7482A9}
	EndGlobalSection
EndGlobal
